
Microsoft Visual Studio Solution File, Format Version 12.00
# Visual Studio 15
VisualStudioVersion = 15.0.27130.2024
MinimumVisualStudioVersion = 10.0.40219.1
Project("{FAE04EC0-301F-11D3-BF4B-00C04F79EFBC}") = "SMS.WebService", "SMS.WebService\SMS.WebService.csproj", "{5EB0539D-7FDA-4FBC-8937-CF21C0B87A10}"
EndProject
Project("{FAE04EC0-301F-11D3-BF4B-00C04F79EFBC}") = "DataOperations", "DataOperations\DataOperations.csproj", "{531C5F0F-BF57-488B-BCB2-6A659998C36B}"
EndProject
Project("{9A19103F-16F7-4668-BE54-9A1E7A4F7556}") = "SMS.Entities", "..\SharedLib\SMS.Entities\SMS.Entities.csproj", "{898767F0-F10C-400D-90D9-25E504A6B024}"
EndProject
Global
	GlobalSection(SolutionConfigurationPlatforms) = preSolution
		Debug|Any CPU = Debug|Any CPU
		Release|Any CPU = Release|Any CPU
	EndGlobalSection
	GlobalSection(ProjectConfigurationPlatforms) = postSolution
		{5EB0539D-7FDA-4FBC-8937-CF21C0B87A10}.Debug|Any CPU.ActiveCfg = Debug|Any CPU
		{5EB0539D-7FDA-4FBC-8937-CF21C0B87A10}.Debug|Any CPU.Build.0 = Debug|Any CPU
		{5EB0539D-7FDA-4FBC-8937-CF21C0B87A10}.Release|Any CPU.ActiveCfg = Release|Any CPU
		{5EB0539D-7FDA-4FBC-8937-CF21C0B87A10}.Release|Any CPU.Build.0 = Release|Any CPU
		{531C5F0F-BF57-488B-BCB2-6A659998C36B}.Debug|Any CPU.ActiveCfg = Debug|Any CPU
		{531C5F0F-BF57-488B-BCB2-6A659998C36B}.Debug|Any CPU.Build.0 = Debug|Any CPU
		{531C5F0F-BF57-488B-BCB2-6A659998C36B}.Release|Any CPU.ActiveCfg = Release|Any CPU
		{531C5F0F-BF57-488B-BCB2-6A659998C36B}.Release|Any CPU.Build.0 = Release|Any CPU
		{898767F0-F10C-400D-90D9-25E504A6B024}.Debug|Any CPU.ActiveCfg = Debug|Any CPU
		{898767F0-F10C-400D-90D9-25E504A6B024}.Debug|Any CPU.Build.0 = Debug|Any CPU
		{898767F0-F10C-400D-90D9-25E504A6B024}.Release|Any CPU.ActiveCfg = Release|Any CPU
		{898767F0-F10C-400D-90D9-25E504A6B024}.Release|Any CPU.Build.0 = Release|Any CPU
	EndGlobalSection
	GlobalSection(SolutionProperties) = preSolution
		HideSolutionNode = FALSE
	EndGlobalSection
	GlobalSection(ExtensibilityGlobals) = postSolution
		SolutionGuid = {E46ED065-9642-43C6-B2A8-BBA981B0FEAE}
	EndGlobalSection
EndGlobal
